
Microsoft Visual Studio Solution File, Format Version 12.00
# Visual Studio Version 16
VisualStudioVersion = 16.0.30320.27
MinimumVisualStudioVersion = 10.0.40219.1
Project("{FAE04EC0-301F-11D3-BF4B-00C04F79EFBC}") = "DCS-Module-Hider", "DCS-Module-Hider\DCS-Module-Hider.csproj", "{B3994956-6D41-4CDA-8797-91F0A3AA2946}"
EndProject
Global
	GlobalSection(SolutionConfigurationPlatforms) = preSolution
		Debug|Any CPU = Debug|Any CPU
		Release|Any CPU = Release|Any CPU
	EndGlobalSection
	GlobalSection(ProjectConfigurationPlatforms) = postSolution
		{B3994956-6D41-4CDA-8797-91F0A3AA2946}.Debug|Any CPU.ActiveCfg = Debug|Any CPU
		{B3994956-6D41-4CDA-8797-91F0A3AA2946}.Debug|Any CPU.Build.0 = Debug|Any CPU
		{B3994956-6D41-4CDA-8797-91F0A3AA2946}.Release|Any CPU.ActiveCfg = Release|Any CPU
		{B3994956-6D41-4CDA-8797-91F0A3AA2946}.Release|Any CPU.Build.0 = Release|Any CPU
	EndGlobalSection
	GlobalSection(SolutionProperties) = preSolution
		HideSolutionNode = FALSE
	EndGlobalSection
	GlobalSection(ExtensibilityGlobals) = postSolution
		SolutionGuid = {C531257C-62EB-41E1-BC9F-FF019585B5CC}
	EndGlobalSection
EndGlobal
